
Microsoft Visual Studio Solution File, Format Version 12.00
# Visual Studio Version 16
VisualStudioVersion = 16.0.30611.23
MinimumVisualStudioVersion = 10.0.40219.1
Project("{8BC9CEB8-8B4A-11D0-8D11-00A0C91BC942}") = "C++ 기초 [16] - 클래스 상속", "C++ 기초 [16] - 클래스 상속\C++ 기초 [16] - 클래스 상속.vcxproj", "{EB1E6682-F180-47D3-A8E8-60BD79B3CBC0}"
EndProject
Global
	GlobalSection(SolutionConfigurationPlatforms) = preSolution
		Debug|x64 = Debug|x64
		Debug|x86 = Debug|x86
		Release|x64 = Release|x64
		Release|x86 = Release|x86
	EndGlobalSection
	GlobalSection(ProjectConfigurationPlatforms) = postSolution
		{EB1E6682-F180-47D3-A8E8-60BD79B3CBC0}.Debug|x64.ActiveCfg = Debug|x64
		{EB1E6682-F180-47D3-A8E8-60BD79B3CBC0}.Debug|x64.Build.0 = Debug|x64
		{EB1E6682-F180-47D3-A8E8-60BD79B3CBC0}.Debug|x86.ActiveCfg = Debug|Win32
		{EB1E6682-F180-47D3-A8E8-60BD79B3CBC0}.Debug|x86.Build.0 = Debug|Win32
		{EB1E6682-F180-47D3-A8E8-60BD79B3CBC0}.Release|x64.ActiveCfg = Release|x64
		{EB1E6682-F180-47D3-A8E8-60BD79B3CBC0}.Release|x64.Build.0 = Release|x64
		{EB1E6682-F180-47D3-A8E8-60BD79B3CBC0}.Release|x86.ActiveCfg = Release|Win32
		{EB1E6682-F180-47D3-A8E8-60BD79B3CBC0}.Release|x86.Build.0 = Release|Win32
	EndGlobalSection
	GlobalSection(SolutionProperties) = preSolution
		HideSolutionNode = FALSE
	EndGlobalSection
	GlobalSection(ExtensibilityGlobals) = postSolution
		SolutionGuid = {78946262-333F-430C-A201-49E81775D620}
	EndGlobalSection
EndGlobal
