
Microsoft Visual Studio Solution File, Format Version 12.00
# Visual Studio Version 16
VisualStudioVersion = 16.0.30611.23
MinimumVisualStudioVersion = 10.0.40219.1
Project("{8BC9CEB8-8B4A-11D0-8D11-00A0C91BC942}") = "C++ 기초 [07] - 레퍼런스", "C++ 기초 [07] - 레퍼런스\C++ 기초 [07] - 레퍼런스.vcxproj", "{0DD7286D-63C9-4B7B-8AF1-16367FF6D010}"
EndProject
Global
	GlobalSection(SolutionConfigurationPlatforms) = preSolution
		Debug|x64 = Debug|x64
		Debug|x86 = Debug|x86
		Release|x64 = Release|x64
		Release|x86 = Release|x86
	EndGlobalSection
	GlobalSection(ProjectConfigurationPlatforms) = postSolution
		{0DD7286D-63C9-4B7B-8AF1-16367FF6D010}.Debug|x64.ActiveCfg = Debug|x64
		{0DD7286D-63C9-4B7B-8AF1-16367FF6D010}.Debug|x64.Build.0 = Debug|x64
		{0DD7286D-63C9-4B7B-8AF1-16367FF6D010}.Debug|x86.ActiveCfg = Debug|Win32
		{0DD7286D-63C9-4B7B-8AF1-16367FF6D010}.Debug|x86.Build.0 = Debug|Win32
		{0DD7286D-63C9-4B7B-8AF1-16367FF6D010}.Release|x64.ActiveCfg = Release|x64
		{0DD7286D-63C9-4B7B-8AF1-16367FF6D010}.Release|x64.Build.0 = Release|x64
		{0DD7286D-63C9-4B7B-8AF1-16367FF6D010}.Release|x86.ActiveCfg = Release|Win32
		{0DD7286D-63C9-4B7B-8AF1-16367FF6D010}.Release|x86.Build.0 = Release|Win32
	EndGlobalSection
	GlobalSection(SolutionProperties) = preSolution
		HideSolutionNode = FALSE
	EndGlobalSection
	GlobalSection(ExtensibilityGlobals) = postSolution
		SolutionGuid = {5ED3E063-E644-4654-9C34-50C658BB431F}
	EndGlobalSection
EndGlobal
