
Microsoft Visual Studio Solution File, Format Version 12.00
# Visual Studio Version 16
VisualStudioVersion = 16.0.30611.23
MinimumVisualStudioVersion = 10.0.40219.1
Project("{8BC9CEB8-8B4A-11D0-8D11-00A0C91BC942}") = "C++ 기초 [09] - 정보의 은닉화 및 캡슐화", "C++ 기초 [09] - 정보의 은닉화 및 캡슐화\C++ 기초 [09] - 정보의 은닉화 및 캡슐화.vcxproj", "{7ED60AB2-461C-4718-B49E-6D7755F87C26}"
EndProject
Global
	GlobalSection(SolutionConfigurationPlatforms) = preSolution
		Debug|x64 = Debug|x64
		Debug|x86 = Debug|x86
		Release|x64 = Release|x64
		Release|x86 = Release|x86
	EndGlobalSection
	GlobalSection(ProjectConfigurationPlatforms) = postSolution
		{7ED60AB2-461C-4718-B49E-6D7755F87C26}.Debug|x64.ActiveCfg = Debug|x64
		{7ED60AB2-461C-4718-B49E-6D7755F87C26}.Debug|x64.Build.0 = Debug|x64
		{7ED60AB2-461C-4718-B49E-6D7755F87C26}.Debug|x86.ActiveCfg = Debug|Win32
		{7ED60AB2-461C-4718-B49E-6D7755F87C26}.Debug|x86.Build.0 = Debug|Win32
		{7ED60AB2-461C-4718-B49E-6D7755F87C26}.Release|x64.ActiveCfg = Release|x64
		{7ED60AB2-461C-4718-B49E-6D7755F87C26}.Release|x64.Build.0 = Release|x64
		{7ED60AB2-461C-4718-B49E-6D7755F87C26}.Release|x86.ActiveCfg = Release|Win32
		{7ED60AB2-461C-4718-B49E-6D7755F87C26}.Release|x86.Build.0 = Release|Win32
	EndGlobalSection
	GlobalSection(SolutionProperties) = preSolution
		HideSolutionNode = FALSE
	EndGlobalSection
	GlobalSection(ExtensibilityGlobals) = postSolution
		SolutionGuid = {0FF944C6-1C8A-487F-85F2-4DD482E7E489}
	EndGlobalSection
EndGlobal
