
Microsoft Visual Studio Solution File, Format Version 12.00
# Visual Studio Version 16
VisualStudioVersion = 16.0.30611.23
MinimumVisualStudioVersion = 10.0.40219.1
Project("{8BC9CEB8-8B4A-11D0-8D11-00A0C91BC942}") = "Project", "Project\Project.vcxproj", "{B47348B4-B7A4-4DE3-B360-852BEA24A204}"
EndProject
Global
	GlobalSection(SolutionConfigurationPlatforms) = preSolution
		Debug|x64 = Debug|x64
		Debug|x86 = Debug|x86
		Release|x64 = Release|x64
		Release|x86 = Release|x86
	EndGlobalSection
	GlobalSection(ProjectConfigurationPlatforms) = postSolution
		{B47348B4-B7A4-4DE3-B360-852BEA24A204}.Debug|x64.ActiveCfg = Debug|x64
		{B47348B4-B7A4-4DE3-B360-852BEA24A204}.Debug|x64.Build.0 = Debug|x64
		{B47348B4-B7A4-4DE3-B360-852BEA24A204}.Debug|x86.ActiveCfg = Debug|Win32
		{B47348B4-B7A4-4DE3-B360-852BEA24A204}.Debug|x86.Build.0 = Debug|Win32
		{B47348B4-B7A4-4DE3-B360-852BEA24A204}.Release|x64.ActiveCfg = Release|x64
		{B47348B4-B7A4-4DE3-B360-852BEA24A204}.Release|x64.Build.0 = Release|x64
		{B47348B4-B7A4-4DE3-B360-852BEA24A204}.Release|x86.ActiveCfg = Release|Win32
		{B47348B4-B7A4-4DE3-B360-852BEA24A204}.Release|x86.Build.0 = Release|Win32
	EndGlobalSection
	GlobalSection(SolutionProperties) = preSolution
		HideSolutionNode = FALSE
	EndGlobalSection
	GlobalSection(ExtensibilityGlobals) = postSolution
		SolutionGuid = {96EBE993-8550-4313-BCC3-04143149A3AC}
	EndGlobalSection
EndGlobal
